// !$*UTF8*$!
{
	archiveVersion = 1;
	classes = {
	};
	objectVersion = 56;
	objects = {

/* Begin PBXBuildFile section */
		51610FDBE420E0F3D4C6AED7 /* Pods_KiliaroTest.framework in Frameworks */ = {isa = PBXBuildFile; fileRef = E94F14CF4A402261D7D74350 /* Pods_KiliaroTest.framework */; };
		7EC5D232294371ED0079F1FF /* KiliaroTestApp.swift in Sources */ = {isa = PBXBuildFile; fileRef = 7EC5D231294371ED0079F1FF /* KiliaroTestApp.swift */; };
		7EC5D236294371F10079F1FF /* Assets.xcassets in Resources */ = {isa = PBXBuildFile; fileRef = 7EC5D235294371F10079F1FF /* Assets.xcassets */; };
		7EC5D239294371F10079F1FF /* Preview Assets.xcassets in Resources */ = {isa = PBXBuildFile; fileRef = 7EC5D238294371F10079F1FF /* Preview Assets.xcassets */; };
		7EC5D241294378630079F1FF /* PhotoModel.swift in Sources */ = {isa = PBXBuildFile; fileRef = 7EC5D240294378630079F1FF /* PhotoModel.swift */; };
		7EC5D2502943B0540079F1FF /* PhotoResponseTest.swift in Sources */ = {isa = PBXBuildFile; fileRef = 7EC5D24F2943B0540079F1FF /* PhotoResponseTest.swift */; };
		7EC5D2522943B57C0079F1FF /* JsonBuilder.swift in Sources */ = {isa = PBXBuildFile; fileRef = 7EC5D2512943B57C0079F1FF /* JsonBuilder.swift */; };
		7EC5D2552943C51D0079F1FF /* List.json in Resources */ = {isa = PBXBuildFile; fileRef = 7EC5D2542943C51D0079F1FF /* List.json */; };
		7EC5D25929449C720079F1FF /* RequestBuilder.swift in Sources */ = {isa = PBXBuildFile; fileRef = 7EC5D25829449C720079F1FF /* RequestBuilder.swift */; };
		7EEC47322944E50C000E3A7B /* RequestBuilderTest.swift in Sources */ = {isa = PBXBuildFile; fileRef = 7EEC47312944E50C000E3A7B /* RequestBuilderTest.swift */; };
		7EEC47352944F510000E3A7B /* Service.swift in Sources */ = {isa = PBXBuildFile; fileRef = 7EEC47342944F510000E3A7B /* Service.swift */; };
		7EEC473829453661000E3A7B /* ObjectValidator.swift in Sources */ = {isa = PBXBuildFile; fileRef = 7EEC473729453661000E3A7B /* ObjectValidator.swift */; };
		7EEC473C29454719000E3A7B /* Result.swift in Sources */ = {isa = PBXBuildFile; fileRef = 7EEC473B29454719000E3A7B /* Result.swift */; };
		7EEC4740294549A1000E3A7B /* MockURLProtocol.swift in Sources */ = {isa = PBXBuildFile; fileRef = 7EEC473F294549A1000E3A7B /* MockURLProtocol.swift */; };
		7EEC47462946205F000E3A7B /* AlamoFireRequestTest.swift in Sources */ = {isa = PBXBuildFile; fileRef = 7EEC47452946205F000E3A7B /* AlamoFireRequestTest.swift */; };
		7EEC474B29463DDB000E3A7B /* HomeService.swift in Sources */ = {isa = PBXBuildFile; fileRef = 7EEC474A29463DDB000E3A7B /* HomeService.swift */; };
		7EEC47512947A29A000E3A7B /* HomeView.swift in Sources */ = {isa = PBXBuildFile; fileRef = 7EEC47502947A29A000E3A7B /* HomeView.swift */; };
		7EEC47542947C96E000E3A7B /* MainWindowEnvironmentKey.swift in Sources */ = {isa = PBXBuildFile; fileRef = 7EEC47532947C96E000E3A7B /* MainWindowEnvironmentKey.swift */; };
		7EEC47572947CDCE000E3A7B /* HomeViewModel.swift in Sources */ = {isa = PBXBuildFile; fileRef = 7EEC47562947CDCE000E3A7B /* HomeViewModel.swift */; };
		7EEC47592947D6B9000E3A7B /* Formatters.swift in Sources */ = {isa = PBXBuildFile; fileRef = 7EEC47582947D6B9000E3A7B /* Formatters.swift */; };
		7EEC475D2947D99C000E3A7B /* Functionalitytest.swift in Sources */ = {isa = PBXBuildFile; fileRef = 7EEC475C2947D99C000E3A7B /* Functionalitytest.swift */; };
		7EEC475F2947EE32000E3A7B /* StringExtension.swift in Sources */ = {isa = PBXBuildFile; fileRef = 7EEC475E2947EE32000E3A7B /* StringExtension.swift */; };
		7EEC47612948A9CB000E3A7B /* NumberExtetion.swift in Sources */ = {isa = PBXBuildFile; fileRef = 7EEC47602948A9CB000E3A7B /* NumberExtetion.swift */; };
		7EEC47642948C9A8000E3A7B /* APIConstans.swift in Sources */ = {isa = PBXBuildFile; fileRef = 7EEC47632948C9A8000E3A7B /* APIConstans.swift */; };
		7EEC47662948D737000E3A7B /* LoadStatus.swift in Sources */ = {isa = PBXBuildFile; fileRef = 7EEC47652948D737000E3A7B /* LoadStatus.swift */; };
		7EEC47692948E1E2000E3A7B /* PhotoCell.swift in Sources */ = {isa = PBXBuildFile; fileRef = 7EEC47682948E1E2000E3A7B /* PhotoCell.swift */; };
		7EEC476C2948E238000E3A7B /* PhotoCellViewModel.swift in Sources */ = {isa = PBXBuildFile; fileRef = 7EEC476B2948E238000E3A7B /* PhotoCellViewModel.swift */; };
		889A3E8A16534A83B1F89C1A /* Pods_KiliaroTestTests.framework in Frameworks */ = {isa = PBXBuildFile; fileRef = 7053C8CC1D908A7AB043853C /* Pods_KiliaroTestTests.framework */; };
/* End PBXBuildFile section */

/* Begin PBXContainerItemProxy section */
		7EC5D24A2943AFC10079F1FF /* PBXContainerItemProxy */ = {
			isa = PBXContainerItemProxy;
			containerPortal = 7EC5D226294371ED0079F1FF /* Project object */;
			proxyType = 1;
			remoteGlobalIDString = 7EC5D22D294371ED0079F1FF;
			remoteInfo = KiliaroTest;
		};
/* End PBXContainerItemProxy section */

/* Begin PBXFileReference section */
		15C048EB9075BFF1D5D4ABEC /* Pods-KiliaroTestTests.debug.xcconfig */ = {isa = PBXFileReference; includeInIndex = 1; lastKnownFileType = text.xcconfig; name = "Pods-KiliaroTestTests.debug.xcconfig"; path = "Target Support Files/Pods-KiliaroTestTests/Pods-KiliaroTestTests.debug.xcconfig"; sourceTree = "<group>"; };
		7053C8CC1D908A7AB043853C /* Pods_KiliaroTestTests.framework */ = {isa = PBXFileReference; explicitFileType = wrapper.framework; includeInIndex = 0; path = Pods_KiliaroTestTests.framework; sourceTree = BUILT_PRODUCTS_DIR; };
		7E888BAC2949B80F0015FF71 /* Info.plist */ = {isa = PBXFileReference; lastKnownFileType = text.plist; path = Info.plist; sourceTree = "<group>"; };
		7EC5D22E294371ED0079F1FF /* KiliaroTest.app */ = {isa = PBXFileReference; explicitFileType = wrapper.application; includeInIndex = 0; path = KiliaroTest.app; sourceTree = BUILT_PRODUCTS_DIR; };
		7EC5D231294371ED0079F1FF /* KiliaroTestApp.swift */ = {isa = PBXFileReference; lastKnownFileType = sourcecode.swift; path = KiliaroTestApp.swift; sourceTree = "<group>"; };
		7EC5D235294371F10079F1FF /* Assets.xcassets */ = {isa = PBXFileReference; lastKnownFileType = folder.assetcatalog; path = Assets.xcassets; sourceTree = "<group>"; };
		7EC5D238294371F10079F1FF /* Preview Assets.xcassets */ = {isa = PBXFileReference; lastKnownFileType = folder.assetcatalog; path = "Preview Assets.xcassets"; sourceTree = "<group>"; };
		7EC5D240294378630079F1FF /* PhotoModel.swift */ = {isa = PBXFileReference; lastKnownFileType = sourcecode.swift; path = PhotoModel.swift; sourceTree = "<group>"; };
		7EC5D2462943AFC10079F1FF /* KiliaroTestTests.xctest */ = {isa = PBXFileReference; explicitFileType = wrapper.cfbundle; includeInIndex = 0; path = KiliaroTestTests.xctest; sourceTree = BUILT_PRODUCTS_DIR; };
		7EC5D24F2943B0540079F1FF /* PhotoResponseTest.swift */ = {isa = PBXFileReference; lastKnownFileType = sourcecode.swift; path = PhotoResponseTest.swift; sourceTree = "<group>"; };
		7EC5D2512943B57C0079F1FF /* JsonBuilder.swift */ = {isa = PBXFileReference; lastKnownFileType = sourcecode.swift; path = JsonBuilder.swift; sourceTree = "<group>"; };
		7EC5D2542943C51D0079F1FF /* List.json */ = {isa = PBXFileReference; lastKnownFileType = text.json; path = List.json; sourceTree = "<group>"; };
		7EC5D25829449C720079F1FF /* RequestBuilder.swift */ = {isa = PBXFileReference; lastKnownFileType = sourcecode.swift; path = RequestBuilder.swift; sourceTree = "<group>"; };
		7EEC47312944E50C000E3A7B /* RequestBuilderTest.swift */ = {isa = PBXFileReference; lastKnownFileType = sourcecode.swift; path = RequestBuilderTest.swift; sourceTree = "<group>"; };
		7EEC47342944F510000E3A7B /* Service.swift */ = {isa = PBXFileReference; lastKnownFileType = sourcecode.swift; path = Service.swift; sourceTree = "<group>"; };
		7EEC473729453661000E3A7B /* ObjectValidator.swift */ = {isa = PBXFileReference; lastKnownFileType = sourcecode.swift; path = ObjectValidator.swift; sourceTree = "<group>"; };
		7EEC473B29454719000E3A7B /* Result.swift */ = {isa = PBXFileReference; lastKnownFileType = sourcecode.swift; path = Result.swift; sourceTree = "<group>"; };
		7EEC473F294549A1000E3A7B /* MockURLProtocol.swift */ = {isa = PBXFileReference; lastKnownFileType = sourcecode.swift; path = MockURLProtocol.swift; sourceTree = "<group>"; };
		7EEC47452946205F000E3A7B /* AlamoFireRequestTest.swift */ = {isa = PBXFileReference; lastKnownFileType = sourcecode.swift; path = AlamoFireRequestTest.swift; sourceTree = "<group>"; };
		7EEC474A29463DDB000E3A7B /* HomeService.swift */ = {isa = PBXFileReference; lastKnownFileType = sourcecode.swift; path = HomeService.swift; sourceTree = "<group>"; };
		7EEC47502947A29A000E3A7B /* HomeView.swift */ = {isa = PBXFileReference; lastKnownFileType = sourcecode.swift; path = HomeView.swift; sourceTree = "<group>"; };
		7EEC47532947C96E000E3A7B /* MainWindowEnvironmentKey.swift */ = {isa = PBXFileReference; lastKnownFileType = sourcecode.swift; path = MainWindowEnvironmentKey.swift; sourceTree = "<group>"; };
		7EEC47562947CDCE000E3A7B /* HomeViewModel.swift */ = {isa = PBXFileReference; lastKnownFileType = sourcecode.swift; path = HomeViewModel.swift; sourceTree = "<group>"; };
		7EEC47582947D6B9000E3A7B /* Formatters.swift */ = {isa = PBXFileReference; lastKnownFileType = sourcecode.swift; path = Formatters.swift; sourceTree = "<group>"; };
		7EEC475C2947D99C000E3A7B /* Functionalitytest.swift */ = {isa = PBXFileReference; lastKnownFileType = sourcecode.swift; path = Functionalitytest.swift; sourceTree = "<group>"; };
		7EEC475E2947EE32000E3A7B /* StringExtension.swift */ = {isa = PBXFileReference; lastKnownFileType = sourcecode.swift; path = StringExtension.swift; sourceTree = "<group>"; };
		7EEC47602948A9CB000E3A7B /* NumberExtetion.swift */ = {isa = PBXFileReference; lastKnownFileType = sourcecode.swift; path = NumberExtetion.swift; sourceTree = "<group>"; };
		7EEC47632948C9A8000E3A7B /* APIConstans.swift */ = {isa = PBXFileReference; lastKnownFileType = sourcecode.swift; path = APIConstans.swift; sourceTree = "<group>"; };
		7EEC47652948D737000E3A7B /* LoadStatus.swift */ = {isa = PBXFileReference; lastKnownFileType = sourcecode.swift; path = LoadStatus.swift; sourceTree = "<group>"; };
		7EEC47682948E1E2000E3A7B /* PhotoCell.swift */ = {isa = PBXFileReference; lastKnownFileType = sourcecode.swift; path = PhotoCell.swift; sourceTree = "<group>"; };
		7EEC476B2948E238000E3A7B /* PhotoCellViewModel.swift */ = {isa = PBXFileReference; lastKnownFileType = sourcecode.swift; path = PhotoCellViewModel.swift; sourceTree = "<group>"; };
		D729A30BF7185DDA4605D9A0 /* Pods-KiliaroTestTests.release.xcconfig */ = {isa = PBXFileReference; includeInIndex = 1; lastKnownFileType = text.xcconfig; name = "Pods-KiliaroTestTests.release.xcconfig"; path = "Target Support Files/Pods-KiliaroTestTests/Pods-KiliaroTestTests.release.xcconfig"; sourceTree = "<group>"; };
		E5A4D68126EE8DAEBA2AA470 /* Pods-KiliaroTest.release.xcconfig */ = {isa = PBXFileReference; includeInIndex = 1; lastKnownFileType = text.xcconfig; name = "Pods-KiliaroTest.release.xcconfig"; path = "Target Support Files/Pods-KiliaroTest/Pods-KiliaroTest.release.xcconfig"; sourceTree = "<group>"; };
		E94F14CF4A402261D7D74350 /* Pods_KiliaroTest.framework */ = {isa = PBXFileReference; explicitFileType = wrapper.framework; includeInIndex = 0; path = Pods_KiliaroTest.framework; sourceTree = BUILT_PRODUCTS_DIR; };
		FB37FF2F8EFDF7E1DEFBBC1B /* Pods-KiliaroTest.debug.xcconfig */ = {isa = PBXFileReference; includeInIndex = 1; lastKnownFileType = text.xcconfig; name = "Pods-KiliaroTest.debug.xcconfig"; path = "Target Support Files/Pods-KiliaroTest/Pods-KiliaroTest.debug.xcconfig"; sourceTree = "<group>"; };
/* End PBXFileReference section */

/* Begin PBXFrameworksBuildPhase section */
		7EC5D22B294371ED0079F1FF /* Frameworks */ = {
			isa = PBXFrameworksBuildPhase;
			buildActionMask = 2147483647;
			files = (
				51610FDBE420E0F3D4C6AED7 /* Pods_KiliaroTest.framework in Frameworks */,
			);
			runOnlyForDeploymentPostprocessing = 0;
		};
		7EC5D2432943AFC10079F1FF /* Frameworks */ = {
			isa = PBXFrameworksBuildPhase;
			buildActionMask = 2147483647;
			files = (
				889A3E8A16534A83B1F89C1A /* Pods_KiliaroTestTests.framework in Frameworks */,
			);
			runOnlyForDeploymentPostprocessing = 0;
		};
/* End PBXFrameworksBuildPhase section */

/* Begin PBXGroup section */
		46BCD66B0593875B19A5E839 /* Frameworks */ = {
			isa = PBXGroup;
			children = (
				E94F14CF4A402261D7D74350 /* Pods_KiliaroTest.framework */,
				7053C8CC1D908A7AB043853C /* Pods_KiliaroTestTests.framework */,
			);
			name = Frameworks;
			sourceTree = "<group>";
		};
		7EC5D225294371ED0079F1FF = {
			isa = PBXGroup;
			children = (
				7EC5D230294371ED0079F1FF /* KiliaroTest */,
				7EC5D2472943AFC10079F1FF /* KiliaroTestTests */,
				7EC5D22F294371ED0079F1FF /* Products */,
				9DC953D6B54440E7E796990E /* Pods */,
				46BCD66B0593875B19A5E839 /* Frameworks */,
			);
			sourceTree = "<group>";
		};
		7EC5D22F294371ED0079F1FF /* Products */ = {
			isa = PBXGroup;
			children = (
				7EC5D22E294371ED0079F1FF /* KiliaroTest.app */,
				7EC5D2462943AFC10079F1FF /* KiliaroTestTests.xctest */,
			);
			name = Products;
			sourceTree = "<group>";
		};
		7EC5D230294371ED0079F1FF /* KiliaroTest */ = {
			isa = PBXGroup;
			children = (
				7EC5D25629449C1A0079F1FF /* Network */,
				7EEC474F2947A260000E3A7B /* Views */,
				7EC5D231294371ED0079F1FF /* KiliaroTestApp.swift */,
				7EC5D235294371F10079F1FF /* Assets.xcassets */,
				7E888BAC2949B80F0015FF71 /* Info.plist */,
				7EEC47522947C920000E3A7B /* Helpers */,
				7EC5D237294371F10079F1FF /* Preview Content */,
			);
			path = KiliaroTest;
			sourceTree = "<group>";
		};
		7EC5D237294371F10079F1FF /* Preview Content */ = {
			isa = PBXGroup;
			children = (
				7EC5D238294371F10079F1FF /* Preview Assets.xcassets */,
			);
			path = "Preview Content";
			sourceTree = "<group>";
		};
		7EC5D23F294378490079F1FF /* Models */ = {
			isa = PBXGroup;
			children = (
				7EC5D240294378630079F1FF /* PhotoModel.swift */,
			);
			path = Models;
			sourceTree = "<group>";
		};
		7EC5D2472943AFC10079F1FF /* KiliaroTestTests */ = {
			isa = PBXGroup;
			children = (
				7EEC475B2947D965000E3A7B /* ProjectFunctionTest */,
				7EEC475A2947D934000E3A7B /* NetWorkTests */,
			);
			path = KiliaroTestTests;
			sourceTree = "<group>";
		};
		7EC5D25629449C1A0079F1FF /* Network */ = {
			isa = PBXGroup;
			children = (
				7EC5D23F294378490079F1FF /* Models */,
				7EC5D25729449C4F0079F1FF /* API */,
			);
			path = Network;
			sourceTree = "<group>";
		};
		7EC5D25729449C4F0079F1FF /* API */ = {
			isa = PBXGroup;
			children = (
				7EEC474929463DCC000E3A7B /* Services */,
				7EEC473629453646000E3A7B /* Enums */,
				7EEC47332944F4FD000E3A7B /* Protocols */,
				7EC5D25829449C720079F1FF /* RequestBuilder.swift */,
				7EEC47632948C9A8000E3A7B /* APIConstans.swift */,
			);
			path = API;
			sourceTree = "<group>";
		};
		7EEC47332944F4FD000E3A7B /* Protocols */ = {
			isa = PBXGroup;
			children = (
				7EEC47342944F510000E3A7B /* Service.swift */,
			);
			path = Protocols;
			sourceTree = "<group>";
		};
		7EEC473629453646000E3A7B /* Enums */ = {
			isa = PBXGroup;
			children = (
				7EEC473729453661000E3A7B /* ObjectValidator.swift */,
				7EEC473B29454719000E3A7B /* Result.swift */,
			);
			path = Enums;
			sourceTree = "<group>";
		};
		7EEC474929463DCC000E3A7B /* Services */ = {
			isa = PBXGroup;
			children = (
				7EEC474A29463DDB000E3A7B /* HomeService.swift */,
			);
			path = Services;
			sourceTree = "<group>";
		};
		7EEC474F2947A260000E3A7B /* Views */ = {
			isa = PBXGroup;
			children = (
				7EEC47672948E1C0000E3A7B /* CellItemViews */,
				7EEC47552947CDAD000E3A7B /* HomeView */,
			);
			path = Views;
			sourceTree = "<group>";
		};
		7EEC47522947C920000E3A7B /* Helpers */ = {
			isa = PBXGroup;
			children = (
				7EEC47532947C96E000E3A7B /* MainWindowEnvironmentKey.swift */,
				7EEC47582947D6B9000E3A7B /* Formatters.swift */,
				7EEC475E2947EE32000E3A7B /* StringExtension.swift */,
				7EEC47602948A9CB000E3A7B /* NumberExtetion.swift */,
				7EEC47652948D737000E3A7B /* LoadStatus.swift */,
			);
			path = Helpers;
			sourceTree = "<group>";
		};
		7EEC47552947CDAD000E3A7B /* HomeView */ = {
			isa = PBXGroup;
			children = (
				7EEC47502947A29A000E3A7B /* HomeView.swift */,
				7EEC47562947CDCE000E3A7B /* HomeViewModel.swift */,
			);
			path = HomeView;
			sourceTree = "<group>";
		};
		7EEC475A2947D934000E3A7B /* NetWorkTests */ = {
			isa = PBXGroup;
			children = (
				7EC5D24F2943B0540079F1FF /* PhotoResponseTest.swift */,
				7EC5D2512943B57C0079F1FF /* JsonBuilder.swift */,
				7EC5D2542943C51D0079F1FF /* List.json */,
				7EEC47312944E50C000E3A7B /* RequestBuilderTest.swift */,
				7EEC473F294549A1000E3A7B /* MockURLProtocol.swift */,
				7EEC47452946205F000E3A7B /* AlamoFireRequestTest.swift */,
			);
			path = NetWorkTests;
			sourceTree = "<group>";
		};
		7EEC475B2947D965000E3A7B /* ProjectFunctionTest */ = {
			isa = PBXGroup;
			children = (
				7EEC475C2947D99C000E3A7B /* Functionalitytest.swift */,
			);
			path = ProjectFunctionTest;
			sourceTree = "<group>";
		};
		7EEC47672948E1C0000E3A7B /* CellItemViews */ = {
			isa = PBXGroup;
			children = (
				7EEC476A2948E221000E3A7B /* PhotoCellView */,
			);
			path = CellItemViews;
			sourceTree = "<group>";
		};
		7EEC476A2948E221000E3A7B /* PhotoCellView */ = {
			isa = PBXGroup;
			children = (
				7EEC47682948E1E2000E3A7B /* PhotoCell.swift */,
				7EEC476B2948E238000E3A7B /* PhotoCellViewModel.swift */,
			);
			path = PhotoCellView;
			sourceTree = "<group>";
		};
		9DC953D6B54440E7E796990E /* Pods */ = {
			isa = PBXGroup;
			children = (
				FB37FF2F8EFDF7E1DEFBBC1B /* Pods-KiliaroTest.debug.xcconfig */,
				E5A4D68126EE8DAEBA2AA470 /* Pods-KiliaroTest.release.xcconfig */,
				15C048EB9075BFF1D5D4ABEC /* Pods-KiliaroTestTests.debug.xcconfig */,
				D729A30BF7185DDA4605D9A0 /* Pods-KiliaroTestTests.release.xcconfig */,
			);
			path = Pods;
			sourceTree = "<group>";
		};
/* End PBXGroup section */

/* Begin PBXNativeTarget section */
		7EC5D22D294371ED0079F1FF /* KiliaroTest */ = {
			isa = PBXNativeTarget;
			buildConfigurationList = 7EC5D23C294371F10079F1FF /* Build configuration list for PBXNativeTarget "KiliaroTest" */;
			buildPhases = (
				C1486686AD8D2FFB62C11559 /* [CP] Check Pods Manifest.lock */,
				7EC5D22A294371ED0079F1FF /* Sources */,
				7EC5D22B294371ED0079F1FF /* Frameworks */,
				7EC5D22C294371ED0079F1FF /* Resources */,
				B9A56FDBB394528D17139721 /* [CP] Embed Pods Frameworks */,
			);
			buildRules = (
			);
			dependencies = (
			);
			name = KiliaroTest;
			productName = KiliaroTest;
			productReference = 7EC5D22E294371ED0079F1FF /* KiliaroTest.app */;
			productType = "com.apple.product-type.application";
		};
		7EC5D2452943AFC10079F1FF /* KiliaroTestTests */ = {
			isa = PBXNativeTarget;
			buildConfigurationList = 7EC5D24C2943AFC10079F1FF /* Build configuration list for PBXNativeTarget "KiliaroTestTests" */;
			buildPhases = (
				388441C31D23F2C0228EA999 /* [CP] Check Pods Manifest.lock */,
				7EC5D2422943AFC10079F1FF /* Sources */,
				7EC5D2432943AFC10079F1FF /* Frameworks */,
				7EC5D2442943AFC10079F1FF /* Resources */,
			);
			buildRules = (
			);
			dependencies = (
				7EC5D24B2943AFC10079F1FF /* PBXTargetDependency */,
			);
			name = KiliaroTestTests;
			productName = KiliaroTestTests;
			productReference = 7EC5D2462943AFC10079F1FF /* KiliaroTestTests.xctest */;
			productType = "com.apple.product-type.bundle.unit-test";
		};
/* End PBXNativeTarget section */

/* Begin PBXProject section */
		7EC5D226294371ED0079F1FF /* Project object */ = {
			isa = PBXProject;
			attributes = {
				BuildIndependentTargetsInParallel = 1;
				LastSwiftUpdateCheck = 1400;
				LastUpgradeCheck = 1400;
				TargetAttributes = {
					7EC5D22D294371ED0079F1FF = {
						CreatedOnToolsVersion = 14.0;
					};
					7EC5D2452943AFC10079F1FF = {
						CreatedOnToolsVersion = 14.0;
						LastSwiftMigration = 1400;
						TestTargetID = 7EC5D22D294371ED0079F1FF;
					};
				};
			};
			buildConfigurationList = 7EC5D229294371ED0079F1FF /* Build configuration list for PBXProject "KiliaroTest" */;
			compatibilityVersion = "Xcode 14.0";
			developmentRegion = en;
			hasScannedForEncodings = 0;
			knownRegions = (
				en,
				Base,
			);
			mainGroup = 7EC5D225294371ED0079F1FF;
			productRefGroup = 7EC5D22F294371ED0079F1FF /* Products */;
			projectDirPath = "";
			projectRoot = "";
			targets = (
				7EC5D22D294371ED0079F1FF /* KiliaroTest */,
				7EC5D2452943AFC10079F1FF /* KiliaroTestTests */,
			);
		};
/* End PBXProject section */

/* Begin PBXResourcesBuildPhase section */
		7EC5D22C294371ED0079F1FF /* Resources */ = {
			isa = PBXResourcesBuildPhase;
			buildActionMask = 2147483647;
			files = (
				7EC5D239294371F10079F1FF /* Preview Assets.xcassets in Resources */,
				7EC5D236294371F10079F1FF /* Assets.xcassets in Resources */,
			);
			runOnlyForDeploymentPostprocessing = 0;
		};
		7EC5D2442943AFC10079F1FF /* Resources */ = {
			isa = PBXResourcesBuildPhase;
			buildActionMask = 2147483647;
			files = (
				7EC5D2552943C51D0079F1FF /* List.json in Resources */,
			);
			runOnlyForDeploymentPostprocessing = 0;
		};
/* End PBXResourcesBuildPhase section */

/* Begin PBXShellScriptBuildPhase section */
		388441C31D23F2C0228EA999 /* [CP] Check Pods Manifest.lock */ = {
			isa = PBXShellScriptBuildPhase;
			buildActionMask = 2147483647;
			files = (
			);
			inputFileListPaths = (
			);
			inputPaths = (
				"${PODS_PODFILE_DIR_PATH}/Podfile.lock",
				"${PODS_ROOT}/Manifest.lock",
			);
			name = "[CP] Check Pods Manifest.lock";
			outputFileListPaths = (
			);
			outputPaths = (
				"$(DERIVED_FILE_DIR)/Pods-KiliaroTestTests-checkManifestLockResult.txt",
			);
			runOnlyForDeploymentPostprocessing = 0;
			shellPath = /bin/sh;
			shellScript = "diff \"${PODS_PODFILE_DIR_PATH}/Podfile.lock\" \"${PODS_ROOT}/Manifest.lock\" > /dev/null\nif [ $? != 0 ] ; then\n    # print error to STDERR\n    echo \"error: The sandbox is not in sync with the Podfile.lock. Run 'pod install' or update your CocoaPods installation.\" >&2\n    exit 1\nfi\n# This output is used by Xcode 'outputs' to avoid re-running this script phase.\necho \"SUCCESS\" > \"${SCRIPT_OUTPUT_FILE_0}\"\n";
			showEnvVarsInLog = 0;
		};
		B9A56FDBB394528D17139721 /* [CP] Embed Pods Frameworks */ = {
			isa = PBXShellScriptBuildPhase;
			buildActionMask = 2147483647;
			files = (
			);
			inputFileListPaths = (
				"${PODS_ROOT}/Target Support Files/Pods-KiliaroTest/Pods-KiliaroTest-frameworks-${CONFIGURATION}-input-files.xcfilelist",
			);
			name = "[CP] Embed Pods Frameworks";
			outputFileListPaths = (
				"${PODS_ROOT}/Target Support Files/Pods-KiliaroTest/Pods-KiliaroTest-frameworks-${CONFIGURATION}-output-files.xcfilelist",
			);
			runOnlyForDeploymentPostprocessing = 0;
			shellPath = /bin/sh;
			shellScript = "\"${PODS_ROOT}/Target Support Files/Pods-KiliaroTest/Pods-KiliaroTest-frameworks.sh\"\n";
			showEnvVarsInLog = 0;
		};
		C1486686AD8D2FFB62C11559 /* [CP] Check Pods Manifest.lock */ = {
			isa = PBXShellScriptBuildPhase;
			buildActionMask = 2147483647;
			files = (
			);
			inputFileListPaths = (
			);
			inputPaths = (
				"${PODS_PODFILE_DIR_PATH}/Podfile.lock",
				"${PODS_ROOT}/Manifest.lock",
			);
			name = "[CP] Check Pods Manifest.lock";
			outputFileListPaths = (
			);
			outputPaths = (
				"$(DERIVED_FILE_DIR)/Pods-KiliaroTest-checkManifestLockResult.txt",
			);
			runOnlyForDeploymentPostprocessing = 0;
			shellPath = /bin/sh;
			shellScript = "diff \"${PODS_PODFILE_DIR_PATH}/Podfile.lock\" \"${PODS_ROOT}/Manifest.lock\" > /dev/null\nif [ $? != 0 ] ; then\n    # print error to STDERR\n    echo \"error: The sandbox is not in sync with the Podfile.lock. Run 'pod install' or update your CocoaPods installation.\" >&2\n    exit 1\nfi\n# This output is used by Xcode 'outputs' to avoid re-running this script phase.\necho \"SUCCESS\" > \"${SCRIPT_OUTPUT_FILE_0}\"\n";
			showEnvVarsInLog = 0;
		};
/* End PBXShellScriptBuildPhase section */

/* Begin PBXSourcesBuildPhase section */
		7EC5D22A294371ED0079F1FF /* Sources */ = {
			isa = PBXSourcesBuildPhase;
			buildActionMask = 2147483647;
			files = (
				7EEC476C2948E238000E3A7B /* PhotoCellViewModel.swift in Sources */,
				7EC5D241294378630079F1FF /* PhotoModel.swift in Sources */,
				7EEC47542947C96E000E3A7B /* MainWindowEnvironmentKey.swift in Sources */,
				7EEC47592947D6B9000E3A7B /* Formatters.swift in Sources */,
				7EEC47642948C9A8000E3A7B /* APIConstans.swift in Sources */,
				7EEC47692948E1E2000E3A7B /* PhotoCell.swift in Sources */,
				7EEC473829453661000E3A7B /* ObjectValidator.swift in Sources */,
				7EEC47572947CDCE000E3A7B /* HomeViewModel.swift in Sources */,
				7EC5D232294371ED0079F1FF /* KiliaroTestApp.swift in Sources */,
				7EEC473C29454719000E3A7B /* Result.swift in Sources */,
				7EC5D25929449C720079F1FF /* RequestBuilder.swift in Sources */,
				7EEC475F2947EE32000E3A7B /* StringExtension.swift in Sources */,
				7EEC47512947A29A000E3A7B /* HomeView.swift in Sources */,
				7EEC47612948A9CB000E3A7B /* NumberExtetion.swift in Sources */,
				7EEC474B29463DDB000E3A7B /* HomeService.swift in Sources */,
				7EEC47662948D737000E3A7B /* LoadStatus.swift in Sources */,
				7EEC47352944F510000E3A7B /* Service.swift in Sources */,
			);
			runOnlyForDeploymentPostprocessing = 0;
		};
		7EC5D2422943AFC10079F1FF /* Sources */ = {
			isa = PBXSourcesBuildPhase;
			buildActionMask = 2147483647;
			files = (
				7EEC47322944E50C000E3A7B /* RequestBuilderTest.swift in Sources */,
				7EEC475D2947D99C000E3A7B /* Functionalitytest.swift in Sources */,
				7EEC4740294549A1000E3A7B /* MockURLProtocol.swift in Sources */,
				7EEC47462946205F000E3A7B /* AlamoFireRequestTest.swift in Sources */,
				7EC5D2502943B0540079F1FF /* PhotoResponseTest.swift in Sources */,
				7EC5D2522943B57C0079F1FF /* JsonBuilder.swift in Sources */,
			);
			runOnlyForDeploymentPostprocessing = 0;
		};
/* End PBXSourcesBuildPhase section */

/* Begin PBXTargetDependency section */
		7EC5D24B2943AFC10079F1FF /* PBXTargetDependency */ = {
			isa = PBXTargetDependency;
			target = 7EC5D22D294371ED0079F1FF /* KiliaroTest */;
			targetProxy = 7EC5D24A2943AFC10079F1FF /* PBXContainerItemProxy */;
		};
/* End PBXTargetDependency section */

/* Begin XCBuildConfiguration section */
		7EC5D23A294371F10079F1FF /* Debug */ = {
			isa = XCBuildConfiguration;
			buildSettings = {
				ALWAYS_SEARCH_USER_PATHS = NO;
				CLANG_ANALYZER_NONNULL = YES;
				CLANG_ANALYZER_NUMBER_OBJECT_CONVERSION = YES_AGGRESSIVE;
				CLANG_CXX_LANGUAGE_STANDARD = "gnu++20";
				CLANG_ENABLE_MODULES = YES;
				CLANG_ENABLE_OBJC_ARC = YES;
				CLANG_ENABLE_OBJC_WEAK = YES;
				CLANG_WARN_BLOCK_CAPTURE_AUTORELEASING = YES;
				CLANG_WARN_BOOL_CONVERSION = YES;
				CLANG_WARN_COMMA = YES;
				CLANG_WARN_CONSTANT_CONVERSION = YES;
				CLANG_WARN_DEPRECATED_OBJC_IMPLEMENTATIONS = YES;
				CLANG_WARN_DIRECT_OBJC_ISA_USAGE = YES_ERROR;
				CLANG_WARN_DOCUMENTATION_COMMENTS = YES;
				CLANG_WARN_EMPTY_BODY = YES;
				CLANG_WARN_ENUM_CONVERSION = YES;
				CLANG_WARN_INFINITE_RECURSION = YES;
				CLANG_WARN_INT_CONVERSION = YES;
				CLANG_WARN_NON_LITERAL_NULL_CONVERSION = YES;
				CLANG_WARN_OBJC_IMPLICIT_RETAIN_SELF = YES;
				CLANG_WARN_OBJC_LITERAL_CONVERSION = YES;
				CLANG_WARN_OBJC_ROOT_CLASS = YES_ERROR;
				CLANG_WARN_QUOTED_INCLUDE_IN_FRAMEWORK_HEADER = YES;
				CLANG_WARN_RANGE_LOOP_ANALYSIS = YES;
				CLANG_WARN_STRICT_PROTOTYPES = YES;
				CLANG_WARN_SUSPICIOUS_MOVE = YES;
				CLANG_WARN_UNGUARDED_AVAILABILITY = YES_AGGRESSIVE;
				CLANG_WARN_UNREACHABLE_CODE = YES;
				CLANG_WARN__DUPLICATE_METHOD_MATCH = YES;
				COPY_PHASE_STRIP = NO;
				DEBUG_INFORMATION_FORMAT = dwarf;
				ENABLE_STRICT_OBJC_MSGSEND = YES;
				ENABLE_TESTABILITY = YES;
				GCC_C_LANGUAGE_STANDARD = gnu11;
				GCC_DYNAMIC_NO_PIC = NO;
				GCC_NO_COMMON_BLOCKS = YES;
				GCC_OPTIMIZATION_LEVEL = 0;
				GCC_PREPROCESSOR_DEFINITIONS = (
					"DEBUG=1",
					"$(inherited)",
				);
				GCC_WARN_64_TO_32_BIT_CONVERSION = YES;
				GCC_WARN_ABOUT_RETURN_TYPE = YES_ERROR;
				GCC_WARN_UNDECLARED_SELECTOR = YES;
				GCC_WARN_UNINITIALIZED_AUTOS = YES_AGGRESSIVE;
				GCC_WARN_UNUSED_FUNCTION = YES;
				GCC_WARN_UNUSED_VARIABLE = YES;
				IPHONEOS_DEPLOYMENT_TARGET = 16.0;
				MTL_ENABLE_DEBUG_INFO = INCLUDE_SOURCE;
				MTL_FAST_MATH = YES;
				ONLY_ACTIVE_ARCH = YES;
				SDKROOT = iphoneos;
				SWIFT_ACTIVE_COMPILATION_CONDITIONS = DEBUG;
				SWIFT_OPTIMIZATION_LEVEL = "-Onone";
			};
			name = Debug;
		};
		7EC5D23B294371F10079F1FF /* Release */ = {
			isa = XCBuildConfiguration;
			buildSettings = {
				ALWAYS_SEARCH_USER_PATHS = NO;
				CLANG_ANALYZER_NONNULL = YES;
				CLANG_ANALYZER_NUMBER_OBJECT_CONVERSION = YES_AGGRESSIVE;
				CLANG_CXX_LANGUAGE_STANDARD = "gnu++20";
				CLANG_ENABLE_MODULES = YES;
				CLANG_ENABLE_OBJC_ARC = YES;
				CLANG_ENABLE_OBJC_WEAK = YES;
				CLANG_WARN_BLOCK_CAPTURE_AUTORELEASING = YES;
				CLANG_WARN_BOOL_CONVERSION = YES;
				CLANG_WARN_COMMA = YES;
				CLANG_WARN_CONSTANT_CONVERSION = YES;
				CLANG_WARN_DEPRECATED_OBJC_IMPLEMENTATIONS = YES;
				CLANG_WARN_DIRECT_OBJC_ISA_USAGE = YES_ERROR;
				CLANG_WARN_DOCUMENTATION_COMMENTS = YES;
				CLANG_WARN_EMPTY_BODY = YES;
				CLANG_WARN_ENUM_CONVERSION = YES;
				CLANG_WARN_INFINITE_RECURSION = YES;
				CLANG_WARN_INT_CONVERSION = YES;
				CLANG_WARN_NON_LITERAL_NULL_CONVERSION = YES;
				CLANG_WARN_OBJC_IMPLICIT_RETAIN_SELF = YES;
				CLANG_WARN_OBJC_LITERAL_CONVERSION = YES;
				CLANG_WARN_OBJC_ROOT_CLASS = YES_ERROR;
				CLANG_WARN_QUOTED_INCLUDE_IN_FRAMEWORK_HEADER = YES;
				CLANG_WARN_RANGE_LOOP_ANALYSIS = YES;
				CLANG_WARN_STRICT_PROTOTYPES = YES;
				CLANG_WARN_SUSPICIOUS_MOVE = YES;
				CLANG_WARN_UNGUARDED_AVAILABILITY = YES_AGGRESSIVE;
				CLANG_WARN_UNREACHABLE_CODE = YES;
				CLANG_WARN__DUPLICATE_METHOD_MATCH = YES;
				COPY_PHASE_STRIP = NO;
				DEBUG_INFORMATION_FORMAT = "dwarf-with-dsym";
				ENABLE_NS_ASSERTIONS = NO;
				ENABLE_STRICT_OBJC_MSGSEND = YES;
				GCC_C_LANGUAGE_STANDARD = gnu11;
				GCC_NO_COMMON_BLOCKS = YES;
				GCC_WARN_64_TO_32_BIT_CONVERSION = YES;
				GCC_WARN_ABOUT_RETURN_TYPE = YES_ERROR;
				GCC_WARN_UNDECLARED_SELECTOR = YES;
				GCC_WARN_UNINITIALIZED_AUTOS = YES_AGGRESSIVE;
				GCC_WARN_UNUSED_FUNCTION = YES;
				GCC_WARN_UNUSED_VARIABLE = YES;
				IPHONEOS_DEPLOYMENT_TARGET = 16.0;
				MTL_ENABLE_DEBUG_INFO = NO;
				MTL_FAST_MATH = YES;
				SDKROOT = iphoneos;
				SWIFT_COMPILATION_MODE = wholemodule;
				SWIFT_OPTIMIZATION_LEVEL = "-O";
				VALIDATE_PRODUCT = YES;
			};
			name = Release;
		};
		7EC5D23D294371F10079F1FF /* Debug */ = {
			isa = XCBuildConfiguration;
			baseConfigurationReference = FB37FF2F8EFDF7E1DEFBBC1B /* Pods-KiliaroTest.debug.xcconfig */;
			buildSettings = {
				ASSETCATALOG_COMPILER_APPICON_NAME = AppIcon;
				ASSETCATALOG_COMPILER_GLOBAL_ACCENT_COLOR_NAME = AccentColor;
				CODE_SIGN_STYLE = Automatic;
				CURRENT_PROJECT_VERSION = 1;
				DEVELOPMENT_ASSET_PATHS = "\"KiliaroTest/Preview Content\"";
				ENABLE_PREVIEWS = YES;
				GENERATE_INFOPLIST_FILE = YES;
				INFOPLIST_FILE = KiliaroTest/Info.plist;
				INFOPLIST_KEY_UIApplicationSceneManifest_Generation = YES;
				INFOPLIST_KEY_UIApplicationSupportsIndirectInputEvents = YES;
				INFOPLIST_KEY_UILaunchScreen_Generation = YES;
				INFOPLIST_KEY_UISupportedInterfaceOrientations_iPad = "UIInterfaceOrientationPortrait UIInterfaceOrientationPortraitUpsideDown UIInterfaceOrientationLandscapeLeft UIInterfaceOrientationLandscapeRight";
				INFOPLIST_KEY_UISupportedInterfaceOrientations_iPhone = "UIInterfaceOrientationPortrait UIInterfaceOrientationLandscapeLeft UIInterfaceOrientationLandscapeRight";
				IPHONEOS_DEPLOYMENT_TARGET = 14.0;
				LD_RUNPATH_SEARCH_PATHS = (
					"$(inherited)",
					"@executable_path/Frameworks",
				);
				MARKETING_VERSION = 1.0;
				PRODUCT_BUNDLE_IDENTIFIER = com.assignment.KiliaroTest;
				PRODUCT_NAME = "$(TARGET_NAME)";
				SWIFT_EMIT_LOC_STRINGS = YES;
				SWIFT_VERSION = 5.0;
				TARGETED_DEVICE_FAMILY = "1,2";
			};
			name = Debug;
		};
		7EC5D23E294371F10079F1FF /* Release */ = {
			isa = XCBuildConfiguration;
			baseConfigurationReference = E5A4D68126EE8DAEBA2AA470 /* Pods-KiliaroTest.release.xcconfig */;
			buildSettings = {
				ASSETCATALOG_COMPILER_APPICON_NAME = AppIcon;
				ASSETCATALOG_COMPILER_GLOBAL_ACCENT_COLOR_NAME = AccentColor;
				CODE_SIGN_STYLE = Automatic;
				CURRENT_PROJECT_VERSION = 1;
				DEVELOPMENT_ASSET_PATHS = "\"KiliaroTest/Preview Content\"";
				ENABLE_PREVIEWS = YES;
				GENERATE_INFOPLIST_FILE = YES;
				INFOPLIST_FILE = KiliaroTest/Info.plist;
				INFOPLIST_KEY_UIApplicationSceneManifest_Generation = YES;
				INFOPLIST_KEY_UIApplicationSupportsIndirectInputEvents = YES;
				INFOPLIST_KEY_UILaunchScreen_Generation = YES;
				INFOPLIST_KEY_UISupportedInterfaceOrientations_iPad = "UIInterfaceOrientationPortrait UIInterfaceOrientationPortraitUpsideDown UIInterfaceOrientationLandscapeLeft UIInterfaceOrientationLandscapeRight";
				INFOPLIST_KEY_UISupportedInterfaceOrientations_iPhone = "UIInterfaceOrientationPortrait UIInterfaceOrientationLandscapeLeft UIInterfaceOrientationLandscapeRight";
				IPHONEOS_DEPLOYMENT_TARGET = 14.0;
				LD_RUNPATH_SEARCH_PATHS = (
					"$(inherited)",
					"@executable_path/Frameworks",
				);
				MARKETING_VERSION = 1.0;
				PRODUCT_BUNDLE_IDENTIFIER = com.assignment.KiliaroTest;
				PRODUCT_NAME = "$(TARGET_NAME)";
				SWIFT_EMIT_LOC_STRINGS = YES;
				SWIFT_VERSION = 5.0;
				TARGETED_DEVICE_FAMILY = "1,2";
			};
			name = Release;
		};
		7EC5D24D2943AFC10079F1FF /* Debug */ = {
			isa = XCBuildConfiguration;
			baseConfigurationReference = 15C048EB9075BFF1D5D4ABEC /* Pods-KiliaroTestTests.debug.xcconfig */;
			buildSettings = {
				BUNDLE_LOADER = "$(TEST_HOST)";
				CLANG_ENABLE_MODULES = YES;
				CODE_SIGN_STYLE = Automatic;
				CURRENT_PROJECT_VERSION = 1;
				GENERATE_INFOPLIST_FILE = YES;
				LD_RUNPATH_SEARCH_PATHS = (
					"$(inherited)",
					"@executable_path/Frameworks",
					"@loader_path/Frameworks",
				);
				MARKETING_VERSION = 1.0;
				PRODUCT_BUNDLE_IDENTIFIER = com.assignment.KiliaroTestTests;
				PRODUCT_NAME = "$(TARGET_NAME)";
				SWIFT_EMIT_LOC_STRINGS = NO;
				SWIFT_OPTIMIZATION_LEVEL = "-Onone";
				SWIFT_VERSION = 5.0;
				TARGETED_DEVICE_FAMILY = "1,2";
				TEST_HOST = "$(BUILT_PRODUCTS_DIR)/KiliaroTest.app/$(BUNDLE_EXECUTABLE_FOLDER_PATH)/KiliaroTest";
			};
			name = Debug;
		};
		7EC5D24E2943AFC10079F1FF /* Release */ = {
			isa = XCBuildConfiguration;
			baseConfigurationReference = D729A30BF7185DDA4605D9A0 /* Pods-KiliaroTestTests.release.xcconfig */;
			buildSettings = {
				BUNDLE_LOADER = "$(TEST_HOST)";
				CLANG_ENABLE_MODULES = YES;
				CODE_SIGN_STYLE = Automatic;
				CURRENT_PROJECT_VERSION = 1;
				GENERATE_INFOPLIST_FILE = YES;
				LD_RUNPATH_SEARCH_PATHS = (
					"$(inherited)",
					"@executable_path/Frameworks",
					"@loader_path/Frameworks",
				);
				MARKETING_VERSION = 1.0;
				PRODUCT_BUNDLE_IDENTIFIER = com.assignment.KiliaroTestTests;
				PRODUCT_NAME = "$(TARGET_NAME)";
				SWIFT_EMIT_LOC_STRINGS = NO;
				SWIFT_VERSION = 5.0;
				TARGETED_DEVICE_FAMILY = "1,2";
				TEST_HOST = "$(BUILT_PRODUCTS_DIR)/KiliaroTest.app/$(BUNDLE_EXECUTABLE_FOLDER_PATH)/KiliaroTest";
			};
			name = Release;
		};
/* End XCBuildConfiguration section */

/* Begin XCConfigurationList section */
		7EC5D229294371ED0079F1FF /* Build configuration list for PBXProject "KiliaroTest" */ = {
			isa = XCConfigurationList;
			buildConfigurations = (
				7EC5D23A294371F10079F1FF /* Debug */,
				7EC5D23B294371F10079F1FF /* Release */,
			);
			defaultConfigurationIsVisible = 0;
			defaultConfigurationName = Release;
		};
		7EC5D23C294371F10079F1FF /* Build configuration list for PBXNativeTarget "KiliaroTest" */ = {
			isa = XCConfigurationList;
			buildConfigurations = (
				7EC5D23D294371F10079F1FF /* Debug */,
				7EC5D23E294371F10079F1FF /* Release */,
			);
			defaultConfigurationIsVisible = 0;
			defaultConfigurationName = Release;
		};
		7EC5D24C2943AFC10079F1FF /* Build configuration list for PBXNativeTarget "KiliaroTestTests" */ = {
			isa = XCConfigurationList;
			buildConfigurations = (
				7EC5D24D2943AFC10079F1FF /* Debug */,
				7EC5D24E2943AFC10079F1FF /* Release */,
			);
			defaultConfigurationIsVisible = 0;
			defaultConfigurationName = Release;
		};
/* End XCConfigurationList section */
	};
	rootObject = 7EC5D226294371ED0079F1FF /* Project object */;
}
